
Microsoft Visual Studio Solution File, Format Version 12.00
# Visual Studio Version 17
VisualStudioVersion = 17.0.32126.317
MinimumVisualStudioVersion = 10.0.40219.1
Project("{FAE04EC0-301F-11D3-BF4B-00C04F79EFBC}") = "Lista_Dinamica_Encadeada", "Lista_Dinamica_Encadeada\Lista_Dinamica_Encadeada.csproj", "{D32EEBE1-C3DC-4B87-8430-EE0AD39674F3}"
EndProject
Global
	GlobalSection(SolutionConfigurationPlatforms) = preSolution
		Debug|Any CPU = Debug|Any CPU
		Release|Any CPU = Release|Any CPU
	EndGlobalSection
	GlobalSection(ProjectConfigurationPlatforms) = postSolution
		{D32EEBE1-C3DC-4B87-8430-EE0AD39674F3}.Debug|Any CPU.ActiveCfg = Debug|Any CPU
		{D32EEBE1-C3DC-4B87-8430-EE0AD39674F3}.Debug|Any CPU.Build.0 = Debug|Any CPU
		{D32EEBE1-C3DC-4B87-8430-EE0AD39674F3}.Release|Any CPU.ActiveCfg = Release|Any CPU
		{D32EEBE1-C3DC-4B87-8430-EE0AD39674F3}.Release|Any CPU.Build.0 = Release|Any CPU
	EndGlobalSection
	GlobalSection(SolutionProperties) = preSolution
		HideSolutionNode = FALSE
	EndGlobalSection
	GlobalSection(ExtensibilityGlobals) = postSolution
		SolutionGuid = {E0BFCA63-4A0D-45BF-AD43-30ABCB1F2B05}
	EndGlobalSection
EndGlobal
